
Microsoft Visual Studio Solution File, Format Version 12.00
# Visual Studio Version 17
VisualStudioVersion = 17.0.32014.148
MinimumVisualStudioVersion = 10.0.40219.1
Project("{9A19103F-16F7-4668-BE54-9A1E7A4F7556}") = "Nascimento.Software.LocaCar.Api", "Nascimento.Software.LocaCar.Api\Nascimento.Software.LocaCar.Api.csproj", "{E4BECB17-7A9B-4CD6-BD84-DBD60DC6CF37}"
EndProject
Project("{9A19103F-16F7-4668-BE54-9A1E7A4F7556}") = "Domain", "Domain\Domain.csproj", "{6D2228CD-C003-492D-9C59-BAC6BD4CA78C}"
EndProject
Global
	GlobalSection(SolutionConfigurationPlatforms) = preSolution
		Debug|Any CPU = Debug|Any CPU
		Release|Any CPU = Release|Any CPU
	EndGlobalSection
	GlobalSection(ProjectConfigurationPlatforms) = postSolution
		{E4BECB17-7A9B-4CD6-BD84-DBD60DC6CF37}.Debug|Any CPU.ActiveCfg = Debug|Any CPU
		{E4BECB17-7A9B-4CD6-BD84-DBD60DC6CF37}.Debug|Any CPU.Build.0 = Debug|Any CPU
		{E4BECB17-7A9B-4CD6-BD84-DBD60DC6CF37}.Release|Any CPU.ActiveCfg = Release|Any CPU
		{E4BECB17-7A9B-4CD6-BD84-DBD60DC6CF37}.Release|Any CPU.Build.0 = Release|Any CPU
		{6D2228CD-C003-492D-9C59-BAC6BD4CA78C}.Debug|Any CPU.ActiveCfg = Debug|Any CPU
		{6D2228CD-C003-492D-9C59-BAC6BD4CA78C}.Debug|Any CPU.Build.0 = Debug|Any CPU
		{6D2228CD-C003-492D-9C59-BAC6BD4CA78C}.Release|Any CPU.ActiveCfg = Release|Any CPU
		{6D2228CD-C003-492D-9C59-BAC6BD4CA78C}.Release|Any CPU.Build.0 = Release|Any CPU
	EndGlobalSection
	GlobalSection(SolutionProperties) = preSolution
		HideSolutionNode = FALSE
	EndGlobalSection
	GlobalSection(ExtensibilityGlobals) = postSolution
		SolutionGuid = {9E6E5409-8B30-4349-97DD-84530E178DE0}
	EndGlobalSection
EndGlobal
